
Microsoft Visual Studio Solution File, Format Version 12.00
# Visual Studio Version 16
VisualStudioVersion = 16.0.33214.272
MinimumVisualStudioVersion = 10.0.40219.1
Project("{FAE04EC0-301F-11D3-BF4B-00C04F79EFBC}") = "SpaceLayout", "SpaceLayout\SpaceLayout.csproj", "{614DFB1F-5C91-4C61-9872-AB9CB127DAEA}"
EndProject
Global
	GlobalSection(SolutionConfigurationPlatforms) = preSolution
		Debug|Any CPU = Debug|Any CPU
		Release|Any CPU = Release|Any CPU
	EndGlobalSection
	GlobalSection(ProjectConfigurationPlatforms) = postSolution
		{614DFB1F-5C91-4C61-9872-AB9CB127DAEA}.Debug|Any CPU.ActiveCfg = Debug|Any CPU
		{614DFB1F-5C91-4C61-9872-AB9CB127DAEA}.Debug|Any CPU.Build.0 = Debug|Any CPU
		{614DFB1F-5C91-4C61-9872-AB9CB127DAEA}.Release|Any CPU.ActiveCfg = Release|Any CPU
		{614DFB1F-5C91-4C61-9872-AB9CB127DAEA}.Release|Any CPU.Build.0 = Release|Any CPU
	EndGlobalSection
	GlobalSection(SolutionProperties) = preSolution
		HideSolutionNode = FALSE
	EndGlobalSection
	GlobalSection(ExtensibilityGlobals) = postSolution
		SolutionGuid = {661D7EB5-A261-44C9-B3E3-3993C8C86761}
	EndGlobalSection
EndGlobal
